
Microsoft Visual Studio Solution File, Format Version 12.00
# Visual Studio Version 17
VisualStudioVersion = 17.7.34031.279
MinimumVisualStudioVersion = 10.0.40219.1
Project("{FAE04EC0-301F-11D3-BF4B-00C04F79EFBC}") = "완성본", "완성본\완성본.csproj", "{A7AAE3E6-7D91-48A3-8CBB-A5CC6B0E9D7B}"
EndProject
Global
	GlobalSection(SolutionConfigurationPlatforms) = preSolution
		Debug|Any CPU = Debug|Any CPU
		Release|Any CPU = Release|Any CPU
	EndGlobalSection
	GlobalSection(ProjectConfigurationPlatforms) = postSolution
		{A7AAE3E6-7D91-48A3-8CBB-A5CC6B0E9D7B}.Debug|Any CPU.ActiveCfg = Debug|Any CPU
		{A7AAE3E6-7D91-48A3-8CBB-A5CC6B0E9D7B}.Debug|Any CPU.Build.0 = Debug|Any CPU
		{A7AAE3E6-7D91-48A3-8CBB-A5CC6B0E9D7B}.Release|Any CPU.ActiveCfg = Release|Any CPU
		{A7AAE3E6-7D91-48A3-8CBB-A5CC6B0E9D7B}.Release|Any CPU.Build.0 = Release|Any CPU
	EndGlobalSection
	GlobalSection(SolutionProperties) = preSolution
		HideSolutionNode = FALSE
	EndGlobalSection
	GlobalSection(ExtensibilityGlobals) = postSolution
		SolutionGuid = {2B18C06E-A693-4176-ACD1-4B345BDFB03F}
	EndGlobalSection
EndGlobal
